version = 1
requires-python = ">=3.13"

[[package]]
name = "asgiref"
version = "3.11.0"
source = { registry = "https://pypi.org/simple" }
sdist = { url = "https://files.pythonhosted.org/packages/76/b9/4db2509eabd14b4a8c71d1b24c8d5734c52b8560a7b1e1a8b56c8d25568b/asgiref-3.11.0.tar.gz", hash = "sha256:13acff32519542a1736223fb79a715acdebe24286d98e8b164a73085f40da2c4", size = 37969 }
wheels = [
    { url = "https://files.pythonhosted.org/packages/91/be/317c2c55b8bbec407257d45f5c8d1b6867abc76d12043f2d3d58c538a4ea/asgiref-3.11.0-py3-none-any.whl", hash = "sha256:1db9021efadb0d9512ce8ffaf72fcef601c7b73a8807a1bb2ef143dc6b14846d", size = 24096 },
]

[[package]]
name = "black"
version = "25.12.0"
source = { registry = "https://pypi.org/simple" }
dependencies = [
    { name = "click" },
    { name = "mypy-extensions" },
    { name = "packaging" },
    { name = "pathspec" },
    { name = "platformdirs" },
    { name = "pytokens" },
]
sdist = { url = "https://files.pythonhosted.org/packages/c4/d9/07b458a3f1c525ac392b5edc6b191ff140b596f9d77092429417a54e249d/black-25.12.0.tar.gz", hash = "sha256:8d3dd9cea14bff7ddc0eb243c811cdb1a011ebb4800a5f0335a01a68654796a7", size = 659264 }
wheels = [
    { url = "https://files.pythonhosted.org/packages/c8/52/c551e36bc95495d2aa1a37d50566267aa47608c81a53f91daa809e03293f/black-25.12.0-cp313-cp313-macosx_10_13_x86_64.whl", hash = "sha256:a05ddeb656534c3e27a05a29196c962877c83fa5503db89e68857d1161ad08a5", size = 1923809 },
    { url = "https://files.pythonhosted.org/packages/a0/f7/aac9b014140ee56d247e707af8db0aae2e9efc28d4a8aba92d0abd7ae9d1/black-25.12.0-cp313-cp313-macosx_11_0_arm64.whl", hash = "sha256:9ec77439ef3e34896995503865a85732c94396edcc739f302c5673a2315e1e7f", size = 1742384 },
    { url = "https://files.pythonhosted.org/packages/74/98/38aaa018b2ab06a863974c12b14a6266badc192b20603a81b738c47e902e/black-25.12.0-cp313-cp313-manylinux2014_x86_64.manylinux_2_17_x86_64.manylinux_2_28_x86_64.whl", hash = "sha256:0e509c858adf63aa61d908061b52e580c40eae0dfa72415fa47ac01b12e29baf", size = 1798761 },
    { url = "https://files.pythonhosted.org/packages/16/3a/a8ac542125f61574a3f015b521ca83b47321ed19bb63fe6d7560f348bfe1/black-25.12.0-cp313-cp313-win_amd64.whl", hash = "sha256:252678f07f5bac4ff0d0e9b261fbb029fa530cfa206d0a636a34ab445ef8ca9d", size = 1429180 },
    { url = "https://files.pythonhosted.org/packages/e6/2d/bdc466a3db9145e946762d52cd55b1385509d9f9004fec1c97bdc8debbfb/black-25.12.0-cp313-cp313-win_arm64.whl", hash = "sha256:bc5b1c09fe3c931ddd20ee548511c64ebf964ada7e6f0763d443947fd1c603ce", size = 1239350 },
    { url = "https://files.pythonhosted.org/packages/35/46/1d8f2542210c502e2ae1060b2e09e47af6a5e5963cb78e22ec1a11170b28/black-25.12.0-cp314-cp314-macosx_10_15_x86_64.whl", hash = "sha256:0a0953b134f9335c2434864a643c842c44fba562155c738a2a37a4d61f00cad5", size = 1917015 },
    { url = "https://files.pythonhosted.org/packages/41/37/68accadf977672beb8e2c64e080f568c74159c1aaa6414b4cd2aef2d7906/black-25.12.0-cp314-cp314-macosx_11_0_arm64.whl", hash = "sha256:2355bbb6c3b76062870942d8cc450d4f8ac71f9c93c40122762c8784df49543f", size = 1741830 },
    { url = "https://files.pythonhosted.org/packages/ac/76/03608a9d8f0faad47a3af3a3c8c53af3367f6c0dd2d23a84710456c7ac56/black-25.12.0-cp314-cp314-manylinux2014_x86_64.manylinux_2_17_x86_64.manylinux_2_28_x86_64.whl", hash = "sha256:9678bd991cc793e81d19aeeae57966ee02909877cb65838ccffef24c3ebac08f", size = 1791450 },
    { url = "https://files.pythonhosted.org/packages/06/99/b2a4bd7dfaea7964974f947e1c76d6886d65fe5d24f687df2d85406b2609/black-25.12.0-cp314-cp314-win_amd64.whl", hash = "sha256:97596189949a8aad13ad12fcbb4ae89330039b96ad6742e6f6b45e75ad5cfd83", size = 1452042 },
    { url = "https://files.pythonhosted.org/packages/b2/7c/d9825de75ae5dd7795d007681b752275ea85a1c5d83269b4b9c754c2aaab/black-25.12.0-cp314-cp314-win_arm64.whl", hash = "sha256:778285d9ea197f34704e3791ea9404cd6d07595745907dd2ce3da7a13627b29b", size = 1267446 },
    { url = "https://files.pythonhosted.org/packages/68/11/21331aed19145a952ad28fca2756a1433ee9308079bd03bd898e903a2e53/black-25.12.0-py3-none-any.whl", hash = "sha256:48ceb36c16dbc84062740049eef990bb2ce07598272e673c17d1a7720c71c828", size = 206191 },
]

[[package]]
name = "civicpulse-backend"
version = "0.1.0"
source = { virtual = "." }
dependencies = [
    { name = "django" },
    { name = "django-compressor" },
]

[package.dev-dependencies]
dev = [
    { name = "black" },
    { name = "ruff" },
]

[package.metadata]
requires-dist = [
    { name = "django", specifier = ">=6.0" },
    { name = "django-compressor", specifier = ">=4.6.0" },
]

[package.metadata.requires-dev]
dev = [
    { name = "black", specifier = ">=25.12.0" },
    { name = "ruff", specifier = ">=0.14.10" },
]

[[package]]
name = "click"
version = "8.3.1"
source = { registry = "https://pypi.org/simple" }
dependencies = [
    { name = "colorama", marker = "sys_platform == 'win32'" },
]
sdist = { url = "https://files.pythonhosted.org/packages/3d/fa/656b739db8587d7b5dfa22e22ed02566950fbfbcdc20311993483657a5c0/click-8.3.1.tar.gz", hash = "sha256:12ff4785d337a1bb490bb7e9c2b1ee5da3112e94a8622f26a6c77f5d2fc6842a", size = 295065 }
wheels = [
    { url = "https://files.pythonhosted.org/packages/98/78/01c019cdb5d6498122777c1a43056ebb3ebfeef2076d9d026bfe15583b2b/click-8.3.1-py3-none-any.whl", hash = "sha256:981153a64e25f12d547d3426c367a4857371575ee7ad18df2a6183ab0545b2a6", size = 108274 },
]

[[package]]
name = "colorama"
version = "0.4.6"
source = { registry = "https://pypi.org/simple" }
sdist = { url = "https://files.pythonhosted.org/packages/d8/53/6f443c9a4a8358a93a6792e2acffb9d9d5cb0a5cfd8802644b7b1c9a02e4/colorama-0.4.6.tar.gz", hash = "sha256:08695f5cb7ed6e0531a20572697297273c47b8cae5a63ffc6d6ed5c201be6e44", size = 27697 }
wheels = [
    { url = "https://files.pythonhosted.org/packages/d1/d6/3965ed04c63042e047cb6a3e6ed1a63a35087b6a609aa3a15ed8ac56c221/colorama-0.4.6-py2.py3-none-any.whl", hash = "sha256:4f1d9991f5acc0ca119f9d443620b77f9d6b33703e51011c16baf57afb285fc6", size = 25335 },
]

[[package]]
name = "django"
version = "6.0"
source = { registry = "https://pypi.org/simple" }
dependencies = [
    { name = "asgiref" },
    { name = "sqlparse" },
    { name = "tzdata", marker = "sys_platform == 'win32'" },
]
sdist = { url = "https://files.pythonhosted.org/packages/15/75/19762bfc4ea556c303d9af8e36f0cd910ab17dff6c8774644314427a2120/django-6.0.tar.gz", hash = "sha256:7b0c1f50c0759bbe6331c6a39c89ae022a84672674aeda908784617ef47d8e26", size = 10932418 }
wheels = [
    { url = "https://files.pythonhosted.org/packages/d7/ae/f19e24789a5ad852670d6885f5480f5e5895576945fcc01817dfd9bc002a/django-6.0-py3-none-any.whl", hash = "sha256:1cc2c7344303bbfb7ba5070487c17f7fc0b7174bbb0a38cebf03c675f5f19b6d", size = 8339181 },
]

[[package]]
name = "django-appconf"
version = "1.2.0"
source = { registry = "https://pypi.org/simple" }
dependencies = [
    { name = "django" },
]
sdist = { url = "https://files.pythonhosted.org/packages/d1/a2/e58bec8d7941b914af52a67c35b5709eceed2caa2848f28437f1666ed668/django_appconf-1.2.0.tar.gz", hash = "sha256:15a88d60dd942d6059f467412fe4581db632ef03018a3c183fb415d6fc9e5cec", size = 16127 }
wheels = [
    { url = "https://files.pythonhosted.org/packages/e8/e6/4c34d94dfb74bbcbc489606e61f1924933de30d22c593dd1f429f35fbd7f/django_appconf-1.2.0-py3-none-any.whl", hash = "sha256:b81bce5ef0ceb9d84df48dfb623a32235d941c78cc5e45dbb6947f154ea277f4", size = 6500 },
]

[[package]]
name = "django-compressor"
version = "4.6.0"
source = { registry = "https://pypi.org/simple" }
dependencies = [
    { name = "django" },
    { name = "django-appconf" },
    { name = "rcssmin" },
    { name = "rjsmin" },
]
sdist = { url = "https://files.pythonhosted.org/packages/a2/e4/c6d87b1341d744ceafa85eeceb2adabb1c62b795b8207cbc580fb70df8f4/django_compressor-4.6.0.tar.gz", hash = "sha256:c7478feab98f3368780591f9ee28a433350f5277dd28811f7f710f5bc6dff3c0", size = 99735 }
wheels = [
    { url = "https://files.pythonhosted.org/packages/d5/9d/9a0ba39f33574994e5b33aea55a68e8fad72b8dd923a82300e4e91774f59/django_compressor-4.6.0-py3-none-any.whl", hash = "sha256:6e7b21020a0d86272c5e37000c33accc4ebeb77394a3dd86d775a09aae7aade4", size = 96828 },
]

[[package]]
name = "mypy-extensions"
version = "1.1.0"
source = { registry = "https://pypi.org/simple" }
sdist = { url = "https://files.pythonhosted.org/packages/a2/6e/371856a3fb9d31ca8dac321cda606860fa4548858c0cc45d9d1d4ca2628b/mypy_extensions-1.1.0.tar.gz", hash = "sha256:52e68efc3284861e772bbcd66823fde5ae21fd2fdb51c62a211403730b916558", size = 6343 }
wheels = [
    { url = "https://files.pythonhosted.org/packages/79/7b/2c79738432f5c924bef5071f933bcc9efd0473bac3b4aa584a6f7c1c8df8/mypy_extensions-1.1.0-py3-none-any.whl", hash = "sha256:1be4cccdb0f2482337c4743e60421de3a356cd97508abadd57d47403e94f5505", size = 4963 },
]

[[package]]
name = "packaging"
version = "25.0"
source = { registry = "https://pypi.org/simple" }
sdist = { url = "https://files.pythonhosted.org/packages/a1/d4/1fc4078c65507b51b96ca8f8c3ba19e6a61c8253c72794544580a7b6c24d/packaging-25.0.tar.gz", hash = "sha256:d443872c98d677bf60f6a1f2f8c1cb748e8fe762d2bf9d3148b5599295b0fc4f", size = 165727 }
wheels = [
    { url = "https://files.pythonhosted.org/packages/20/12/38679034af332785aac8774540895e234f4d07f7545804097de4b666afd8/packaging-25.0-py3-none-any.whl", hash = "sha256:29572ef2b1f17581046b3a2227d5c611fb25ec70ca1ba8554b24b0e69331a484", size = 66469 },
]

[[package]]
name = "pathspec"
version = "0.12.1"
source = { registry = "https://pypi.org/simple" }
sdist = { url = "https://files.pythonhosted.org/packages/ca/bc/f35b8446f4531a7cb215605d100cd88b7ac6f44ab3fc94870c120ab3adbf/pathspec-0.12.1.tar.gz", hash = "sha256:a482d51503a1ab33b1c67a6c3813a26953dbdc71c31dacaef9a838c4e29f5712", size = 51043 }
wheels = [
    { url = "https://files.pythonhosted.org/packages/cc/20/ff623b09d963f88bfde16306a54e12ee5ea43e9b597108672ff3a408aad6/pathspec-0.12.1-py3-none-any.whl", hash = "sha256:a0d503e138a4c123b27490a4f7beda6a01c6f288df0e4a8b79c7eb0dc7b4cc08", size = 31191 },
]

[[package]]
name = "platformdirs"
version = "4.5.1"
source = { registry = "https://pypi.org/simple" }
sdist = { url = "https://files.pythonhosted.org/packages/cf/86/0248f086a84f01b37aaec0fa567b397df1a119f73c16f6c7a9aac73ea309/platformdirs-4.5.1.tar.gz", hash = "sha256:61d5cdcc6065745cdd94f0f878977f8de9437be93de97c1c12f853c9c0cdcbda", size = 21715 }
wheels = [
    { url = "https://files.pythonhosted.org/packages/cb/28/3bfe2fa5a7b9c46fe7e13c97bda14c895fb10fa2ebf1d0abb90e0cea7ee1/platformdirs-4.5.1-py3-none-any.whl", hash = "sha256:d03afa3963c806a9bed9d5125c8f4cb2fdaf74a55ab60e5d59b3fde758104d31", size = 18731 },
]

[[package]]
name = "pytokens"
version = "0.3.0"
source = { registry = "https://pypi.org/simple" }
sdist = { url = "https://files.pythonhosted.org/packages/4e/8d/a762be14dae1c3bf280202ba3172020b2b0b4c537f94427435f19c413b72/pytokens-0.3.0.tar.gz", hash = "sha256:2f932b14ed08de5fcf0b391ace2642f858f1394c0857202959000b68ed7a458a", size = 17644 }
wheels = [
    { url = "https://files.pythonhosted.org/packages/84/25/d9db8be44e205a124f6c98bc0324b2bb149b7431c53877fc6d1038dddaf5/pytokens-0.3.0-py3-none-any.whl", hash = "sha256:95b2b5eaf832e469d141a378872480ede3f251a5a5041b8ec6e581d3ac71bbf3", size = 12195 },
]

[[package]]
name = "rcssmin"
version = "1.2.2"
source = { registry = "https://pypi.org/simple" }
sdist = { url = "https://files.pythonhosted.org/packages/81/af/c9654b4f9b054ec163ed7cb20d8db0e5ae05e2e9ce99a4c11d91a2180b3f/rcssmin-1.2.2.tar.gz", hash = "sha256:806986eaf7414545edc28a1d29523e9560e49e151ff4a337d9d1f0271d6e1cc4", size = 587012 }
wheels = [
    { url = "https://files.pythonhosted.org/packages/8b/ae/3a7911e1c773f3deb039a42588ae6cee59d6bcec07b5081db376677b293a/rcssmin-1.2.2-cp313-cp313-manylinux1_i686.whl", hash = "sha256:e91449b612a08e5e80df3487e941c86e2c73c5088169588c31c382eb94da0521", size = 48764 },
    { url = "https://files.pythonhosted.org/packages/30/a7/6d311986d76da0a538bae3f584d2b7579dd11648e74f539b177d8af51f6b/rcssmin-1.2.2-cp313-cp313-manylinux1_x86_64.whl", hash = "sha256:20a32c49d65b65c3ac80305d8a31b98f3d92b1b052dd63b57fbebc7003f9ae38", size = 49175 },
    { url = "https://files.pythonhosted.org/packages/f2/9b/ceb12f3397695d075a1f3e12e295d84f021562540a6579144cb985d80ccb/rcssmin-1.2.2-cp313-cp313-manylinux2014_aarch64.whl", hash = "sha256:cd0a5ca4a0fc3b193ab0dcd251bd2463900558108cc4306a5cc4ab77c6bfffde", size = 50675 },
    { url = "https://files.pythonhosted.org/packages/3b/8c/efb41baaea20567fa0c335705bff1f187e35301b684891d26282a16aff1b/rcssmin-1.2.2-cp313-cp313-musllinux_1_1_aarch64.whl", hash = "sha256:2b008aa77a92f9db2d88f7e7ab45b81f37253cb0baafda59dd5b857c2de9b09f", size = 52999 },
    { url = "https://files.pythonhosted.org/packages/4d/f6/cf692cca8837375fd21bf31cd134e10684fc11283a68c04160619aa826dc/rcssmin-1.2.2-cp313-cp313-musllinux_1_1_i686.whl", hash = "sha256:b3843e0501fa45d7c911dd7b3b78fd5f51c8159dd36d780ee12060da2d526aa0", size = 52752 },
    { url = "https://files.pythonhosted.org/packages/8d/fa/5b0f1df380f598a397414dfaba74b05901379918f4d6b1746462190ae011/rcssmin-1.2.2-cp313-cp313-musllinux_1_1_x86_64.whl", hash = "sha256:bb75b0e412a5419d62f39d89d0b3920a6697d2b12c8dad57f8bde1c76332c640", size = 52994 },
    { url = "https://files.pythonhosted.org/packages/16/df/7157985ff9e2f3fecb15b03370ee0c8de42fd5a07c4b54e0be2c0f3f8133/rcssmin-1.2.2-cp313-cp313t-manylinux1_i686.whl", hash = "sha256:dd192a876a7af9a14628ff20818df80187294db96d86ddccf72371a6ae3e7ce7", size = 51314 },
    { url = "https://files.pythonhosted.org/packages/56/d5/e6c176b8d39faf0fac3a6896022febb00d0ac5c4b99d4924572c579af210/rcssmin-1.2.2-cp313-cp313t-manylinux1_x86_64.whl", hash = "sha256:5724ed426c1444c35584f0bcda43c81ac47da769228722207aea7b8eedf31224", size = 51509 },
    { url = "https://files.pythonhosted.org/packages/b7/3e/493ef8b7ce621b45f1be4505295fe604280918f67a01a28c82f9d0621a3f/rcssmin-1.2.2-cp313-cp313t-manylinux2014_aarch64.whl", hash = "sha256:228cc8d192ba4bd82305c085cbb5594d45d8dc6605d4eddc319543fb9f47b319", size = 52730 },
    { url = "https://files.pythonhosted.org/packages/b2/90/77cf149fac7f247dac530a96beac7c52cea9fab928b5c3e2a45c6da86147/rcssmin-1.2.2-cp313-cp313t-musllinux_1_1_aarch64.whl", hash = "sha256:714390aac7c4cb611eecc845a5d9bb01495a3c9fccf9d8a2d6aa75a109276f7b", size = 54939 },
    { url = "https://files.pythonhosted.org/packages/35/37/b8347b3a817b99eab9cc987f1090c7192d9d5f077fdc84c04d12f5186b87/rcssmin-1.2.2-cp313-cp313t-musllinux_1_1_i686.whl", hash = "sha256:64ec506fce7a3f1e993f4c4b55c7b3d9ad8259191cf20d986aa1d1a13e920fe8", size = 55108 },
    { url = "https://files.pythonhosted.org/packages/5e/e1/fb555f831d5e5674a91444007434ba85b4ae98cfd97dd7bc9c2962c0f56b/rcssmin-1.2.2-cp313-cp313t-musllinux_1_1_x86_64.whl", hash = "sha256:742bb522d1efe0f1d362d81e00b5dc93ca2ddd1e435ed2d921cfa84fbb9f6887", size = 54858 },
    { url = "https://files.pythonhosted.org/packages/a0/40/9c4cb3133f6d4ddfbeada76988a10ff2a974706fd6fcbb97edd8c0f4cc76/rcssmin-1.2.2-cp314-cp314-manylinux1_i686.whl", hash = "sha256:540dd3aa586b5f8f4c4b90db37e6a31c04718cdf90dbe9bec43c3b4dd50519e7", size = 49032 },
    { url = "https://files.pythonhosted.org/packages/07/84/a411a48fd4179a88c68a2ad3649b408fa7887a421d3435c10ae6f5724e3a/rcssmin-1.2.2-cp314-cp314-manylinux1_x86_64.whl", hash = "sha256:6ea38a38eec263858b70bed6715478dcfed7fbc5d63333a8c512631ee22baad9", size = 49497 },
    { url = "https://files.pythonhosted.org/packages/a1/32/5663a71a9304e0c9f33b765264508229d026359cfff746e1d0a593d809ea/rcssmin-1.2.2-cp314-cp314-manylinux2014_aarch64.whl", hash = "sha256:07dc7d352e8eb08de82fc4c545dd04f9f487466c8370051e0bee4eb1e4dc85d0", size = 50382 },
    { url = "https://files.pythonhosted.org/packages/d7/28/e411eb191ffff7bd712f2eb0f691cb7ca514b1876d6bff2f5ae61359b8db/rcssmin-1.2.2-cp314-cp314-musllinux_1_2_aarch64.whl", hash = "sha256:cdccb0e08281f0dd5d463c16ec61a06bd1534de50206dc72918be3c10dcb82e5", size = 50962 },
    { url = "https://files.pythonhosted.org/packages/fb/3f/cdb99526d294c5dd4b919dc4ef492b7bd11e08b585d15ec641dfb9423493/rcssmin-1.2.2-cp314-cp314-musllinux_1_2_i686.whl", hash = "sha256:2b6d5e2e2fd65738d57ef65aaaed2cff2288eccff7f704bf3d579e6f451cb60a", size = 52504 },
    { url = "https://files.pythonhosted.org/packages/e8/60/a8183401fa64e93e1d52b2cdf275a2c11e0993f5f3162c573a67872b535d/rcssmin-1.2.2-cp314-cp314-musllinux_1_2_x86_64.whl", hash = "sha256:7018d4197713c7797d1a67ed47ab53d4706c2e9ed134123c30a47d389dda5386", size = 50561 },
    { url = "https://files.pythonhosted.org/packages/47/5e/496d6c9c309e2fe79e6a69f25f7a6d18f545edb4ea3584f461b9f84b0d60/rcssmin-1.2.2-cp314-cp314t-manylinux1_i686.whl", hash = "sha256:0162c32ce946978edc834d4fba705ac5f9422d7f556f3264cc4fc67c7ee39171", size = 51214 },
    { url = "https://files.pythonhosted.org/packages/5e/78/87da6706d5856ceee71421ba831d2f5d93c3e6865acfbb56ace8d54587cc/rcssmin-1.2.2-cp314-cp314t-manylinux1_x86_64.whl", hash = "sha256:f17dc92553a46412c49f972f0ab31088032b9482a9c421bc2d39691a5d8842aa", size = 51608 },
    { url = "https://files.pythonhosted.org/packages/cd/6c/204b0262c11ac2da2b8df2d8fed76f1959273fbc8376450d0ac022d754b7/rcssmin-1.2.2-cp314-cp314t-manylinux2014_aarch64.whl", hash = "sha256:40c7dfba098bbd129d8c35dd8b604275585f9dc0496e5d17dbe7fd6b873b0233", size = 53349 },
    { url = "https://files.pythonhosted.org/packages/c3/7b/9aae16756d3f33cbc512760ba3e69c3856a51aa293e463f2ca97760d1b1b/rcssmin-1.2.2-cp314-cp314t-musllinux_1_2_aarch64.whl", hash = "sha256:d0197fab78ebbe33f5df9caf2572ef2d44bbe243a9130881a0c5c53ba03641fa", size = 53066 },
    { url = "https://files.pythonhosted.org/packages/4e/18/b06fadfa9b85e486bb1571050217cb539c062d1ae4cd32b1a31c36f67fd4/rcssmin-1.2.2-cp314-cp314t-musllinux_1_2_i686.whl", hash = "sha256:19e53c58768369366fdaef00da59f275f724f229994ea885309df6ca368ff3c8", size = 54271 },
    { url = "https://files.pythonhosted.org/packages/79/55/f29ce21f8e5a1f3c19d43b67b907268d227b7edcda2ca200ca0028734a5e/rcssmin-1.2.2-cp314-cp314t-musllinux_1_2_x86_64.whl", hash = "sha256:8d3de1a870e00d157f3a7b1797498fdc09a3774629079572350f75783bb94b9a", size = 52423 },
]

[[package]]
name = "rjsmin"
version = "1.2.5"
source = { registry = "https://pypi.org/simple" }
sdist = { url = "https://files.pythonhosted.org/packages/59/16/14288d309d0f42c6586440c47bf6ec1a880218f698f30293fa3782db4008/rjsmin-1.2.5.tar.gz", hash = "sha256:a3f8040b0273dec773e0e807e86a4d0a9535516c0a0a35aa1bb6de6e15bb1f09", size = 427399 }
wheels = [
    { url = "https://files.pythonhosted.org/packages/14/c3/0e1c211625d44f6ccad2286547ec420d07c5ca8a82098795deb2a96467e4/rjsmin-1.2.5-cp313-cp313-manylinux1_i686.whl", hash = "sha256:2967e468df0bedaff71693b96ff42b46805cc7027146323a8e47c85c5ea53ac5", size = 31883 },
    { url = "https://files.pythonhosted.org/packages/f3/49/58c90614c9df3e074be3e5f960cfadc9f9ab501659b7fca3bb8326d27b07/rjsmin-1.2.5-cp313-cp313-manylinux1_x86_64.whl", hash = "sha256:3d68251d1f68c07500f1c062d9dfa16e799f8971aed1312b9584739c03d9f44b", size = 31785 },
    { url = "https://files.pythonhosted.org/packages/88/aa/bfc350c353d2eada2eb125ad13d1d1f5a0f6543a96d0fe8759cd440c1921/rjsmin-1.2.5-cp313-cp313-manylinux2014_aarch64.whl", hash = "sha256:3bce037bc2ed784143f90637230c0dad6b59d18e01d66ec41ab0fc988cb98266", size = 32104 },
    { url = "https://files.pythonhosted.org/packages/94/fc/eead6c42da1c51d6d3200411debbc5f03bf3e2d5e5061b39e8953484d1b6/rjsmin-1.2.5-cp313-cp313-musllinux_1_1_aarch64.whl", hash = "sha256:d206f730a003cbfc8ba5d70e06e9d20318d5dfc2d9220f6dab4fc708b621de15", size = 35718 },
    { url = "https://files.pythonhosted.org/packages/71/ec/10537f3280cdb3eb712746677a9601d40760509f876ab107f2cbdcce56c0/rjsmin-1.2.5-cp313-cp313-musllinux_1_1_i686.whl", hash = "sha256:9ec9e902dfe04e791d056eb649805e4dc8a480c170e296b2dfbffb646425acdd", size = 35980 },
    { url = "https://files.pythonhosted.org/packages/8c/0e/11406ff7c711e3c7d4ec30a2f7998293bf157b9e0451a5f6ce6b8505e1b6/rjsmin-1.2.5-cp313-cp313-musllinux_1_1_x86_64.whl", hash = "sha256:7926b946de481766d4da5f669da2e3ce8491e750f32f48745d7413a92c810ead", size = 35869 },
    { url = "https://files.pythonhosted.org/packages/71/8e/8102b9324a3b1a7ad5262824537ee7dad18325d457ff0b3806c9f88d7bfa/rjsmin-1.2.5-cp313-cp313t-manylinux1_i686.whl", hash = "sha256:57d0935b2675644d80ea33b611d6752a33af8e1a62baa5adff0a0b8d43981732", size = 33656 },
    { url = "https://files.pythonhosted.org/packages/3d/4a/94dbe6a90b9c5ab9dfdcfe2e8ae2c106c990c96f759c6396621eabcfe503/rjsmin-1.2.5-cp313-cp313t-manylinux1_x86_64.whl", hash = "sha256:d283452b6684bd6f422eea783e5f5f16b564727652398bb71ad5adc001613765", size = 33500 },
    { url = "https://files.pythonhosted.org/packages/9a/f7/8f8a6cf1b1394ce61ac0a491dbf22237734d472e80feea715ec1ca580de8/rjsmin-1.2.5-cp313-cp313t-manylinux2014_aarch64.whl", hash = "sha256:8a3c43e43c06afa7e8a36b22a1247ae58d2eebfe0aea7af5cd83f68fd7360ddc", size = 34125 },
    { url = "https://files.pythonhosted.org/packages/e2/b0/7562103d5241a7b57cf93e7047ee00889b67eabb99df0af03105f2224142/rjsmin-1.2.5-cp313-cp313t-musllinux_1_1_aarch64.whl", hash = "sha256:85aa826fca5aaf6f0f0f287f986e0f79c0f8953bab5090fed17a4f35f7ada65a", size = 37468 },
    { url = "https://files.pythonhosted.org/packages/44/80/0a56f415aa2d92898388df8447270c3813c13eefdace54d44d12b21aba39/rjsmin-1.2.5-cp313-cp313t-musllinux_1_1_i686.whl", hash = "sha256:d68cb778e25393adb84e1844aac6f132f72055a6cf4463bae560858300ca500c", size = 37850 },
    { url = "https://files.pythonhosted.org/packages/bb/eb/9c3dc7763519ed69a50641be920f3f40c286022d7ebd5a62fa4434996806/rjsmin-1.2.5-cp313-cp313t-musllinux_1_1_x86_64.whl", hash = "sha256:a86825ff7846a5c2f21a71d669b96d1b52237fb668f0243fa4f4f40a2ad93ff7", size = 37645 },
    { url = "https://files.pythonhosted.org/packages/b8/ed/b472d5a3fd7d63c016893f7d438e677901fea28089b5d30cd1a115bcc887/rjsmin-1.2.5-cp314-cp314-manylinux1_i686.whl", hash = "sha256:7096357ed596fdfe0acb750f8cbfca338f3c845cc12def3861e23ed811589d15", size = 31983 },
    { url = "https://files.pythonhosted.org/packages/9c/e8/e76fa527fde17fd08288e4efef25c0aba7979ed5740eeab7bdff507bdeba/rjsmin-1.2.5-cp314-cp314-manylinux1_x86_64.whl", hash = "sha256:4e80b05803749502995fe33b6f5fd589b51dc46e50d873baf0b515c8f6e7b668", size = 32002 },
    { url = "https://files.pythonhosted.org/packages/87/6c/ee395ef8ee117ba2d158a23a9502bc4a706e02f63bfdf6d01b802ae6ee9a/rjsmin-1.2.5-cp314-cp314-manylinux2014_aarch64.whl", hash = "sha256:b6d0bc092acc3f54ea63ec1dcb808edaac5e956141d89fd0d038e80de5322052", size = 32435 },
    { url = "https://files.pythonhosted.org/packages/1a/78/c157d33aa6148f0e8c57bb91a41969e1a4aab929f3bb0a8d9ff3b5e21556/rjsmin-1.2.5-cp314-cp314-musllinux_1_2_aarch64.whl", hash = "sha256:1e2943259be7beafdcb0847c2a901f223bf9044bdfa8105e1be1ad67d6c47795", size = 32877 },
    { url = "https://files.pythonhosted.org/packages/e9/49/6252145bf85d87c815aaf441c5efdf1ce918db5ab6e915cf6d0d99ca3969/rjsmin-1.2.5-cp314-cp314-musllinux_1_2_i686.whl", hash = "sha256:e0387568c27fb49e55c1d0dfc27b54fc63d04b7756b1fed9743078130262907f", size = 32957 },
    { url = "https://files.pythonhosted.org/packages/15/7e/c321c047b1a2fb7fa5ac818c37c1a15d348e1c12a1148de8ca5192a83b8f/rjsmin-1.2.5-cp314-cp314-musllinux_1_2_x86_64.whl", hash = "sha256:8196f1ecb0dff6c8647d4622e496869e94f1be92567ea2e941aa18d49a1a4347", size = 32456 },
    { url = "https://files.pythonhosted.org/packages/5b/d7/2d190ce5ad10832df62edd4d9b1ae7092fd259ca58b39a1e202337f511a9/rjsmin-1.2.5-cp314-cp314t-manylinux1_i686.whl", hash = "sha256:9dd9f66568be9c8676278f140aa54102fab9af7feb59adf0c7a85bef49fe70df", size = 34115 },
    { url = "https://files.pythonhosted.org/packages/76/ab/e7bcf261ede4cef7a0693927d7dcd1612bb59ba6c05191f58a92deec9f01/rjsmin-1.2.5-cp314-cp314t-manylinux1_x86_64.whl", hash = "sha256:5b8f72f7d96e5e1d30a33182cb39d4eb4516ddcd9b2f984813a9eefe66f8e180", size = 33977 },
    { url = "https://files.pythonhosted.org/packages/a7/75/f1ff5f2199437b534204b40aa46c55c703489063cf7806c948a1a665575e/rjsmin-1.2.5-cp314-cp314t-manylinux2014_aarch64.whl", hash = "sha256:8c5906bd8830f616e992ad5e7277d0ea12c530110da188b2b9da23e9524a7cbc", size = 34604 },
    { url = "https://files.pythonhosted.org/packages/d2/dc/acd463d88c56476cc683f1c6cce893c590007dccd390747e824b8e923d63/rjsmin-1.2.5-cp314-cp314t-musllinux_1_2_aarch64.whl", hash = "sha256:8207bac0d3bab7791fd667f0863b5f32e51047845179b94b28c716e6514a9234", size = 34775 },
    { url = "https://files.pythonhosted.org/packages/ce/56/e6f61718d1c36e646aabe552ad1f8f77744a4c57524eaa782b5b44eba220/rjsmin-1.2.5-cp314-cp314t-musllinux_1_2_i686.whl", hash = "sha256:1e3ab93a51d7581ba0a3b6a383df2929b86d9d55f9516764678f9b4e409826e8", size = 34682 },
    { url = "https://files.pythonhosted.org/packages/00/f3/37a4672ddb1307eb57d9b54ba89a48f483a04a63cac4e1471fdb4cba76e6/rjsmin-1.2.5-cp314-cp314t-musllinux_1_2_x86_64.whl", hash = "sha256:47dad1732a2c4779bdc76d5b3183fdf2ec27838f31071fa9dfcc79483d3480e2", size = 34161 },
]

[[package]]
name = "ruff"
version = "0.14.10"
source = { registry = "https://pypi.org/simple" }
sdist = { url = "https://files.pythonhosted.org/packages/57/08/52232a877978dd8f9cf2aeddce3e611b40a63287dfca29b6b8da791f5e8d/ruff-0.14.10.tar.gz", hash = "sha256:9a2e830f075d1a42cd28420d7809ace390832a490ed0966fe373ba288e77aaf4", size = 5859763 }
wheels = [
    { url = "https://files.pythonhosted.org/packages/60/01/933704d69f3f05ee16ef11406b78881733c186fe14b6a46b05cfcaf6d3b2/ruff-0.14.10-py3-none-linux_armv6l.whl", hash = "sha256:7a3ce585f2ade3e1f29ec1b92df13e3da262178df8c8bdf876f48fa0e8316c49", size = 13527080 },
    { url = "https://files.pythonhosted.org/packages/df/58/a0349197a7dfa603ffb7f5b0470391efa79ddc327c1e29c4851e85b09cc5/ruff-0.14.10-py3-none-macosx_10_12_x86_64.whl", hash = "sha256:674f9be9372907f7257c51f1d4fc902cb7cf014b9980152b802794317941f08f", size = 13797320 },
    { url = "https://files.pythonhosted.org/packages/7b/82/36be59f00a6082e38c23536df4e71cdbc6af8d7c707eade97fcad5c98235/ruff-0.14.10-py3-none-macosx_11_0_arm64.whl", hash = "sha256:d85713d522348837ef9df8efca33ccb8bd6fcfc86a2cde3ccb4bc9d28a18003d", size = 12918434 },
    { url = "https://files.pythonhosted.org/packages/a6/00/45c62a7f7e34da92a25804f813ebe05c88aa9e0c25e5cb5a7d23dd7450e3/ruff-0.14.10-py3-none-manylinux_2_17_aarch64.manylinux2014_aarch64.whl", hash = "sha256:6987ebe0501ae4f4308d7d24e2d0fe3d7a98430f5adfd0f1fead050a740a3a77", size = 13371961 },
    { url = "https://files.pythonhosted.org/packages/40/31/a5906d60f0405f7e57045a70f2d57084a93ca7425f22e1d66904769d1628/ruff-0.14.10-py3-none-manylinux_2_17_armv7l.manylinux2014_armv7l.whl", hash = "sha256:16a01dfb7b9e4eee556fbfd5392806b1b8550c9b4a9f6acd3dbe6812b193c70a", size = 13275629 },
    { url = "https://files.pythonhosted.org/packages/3e/60/61c0087df21894cf9d928dc04bcd4fb10e8b2e8dca7b1a276ba2155b2002/ruff-0.14.10-py3-none-manylinux_2_17_i686.manylinux2014_i686.whl", hash = "sha256:7165d31a925b7a294465fa81be8c12a0e9b60fb02bf177e79067c867e71f8b1f", size = 14029234 },
    { url = "https://files.pythonhosted.org/packages/44/84/77d911bee3b92348b6e5dab5a0c898d87084ea03ac5dc708f46d88407def/ruff-0.14.10-py3-none-manylinux_2_17_ppc64.manylinux2014_ppc64.whl", hash = "sha256:c561695675b972effb0c0a45db233f2c816ff3da8dcfbe7dfc7eed625f218935", size = 15449890 },
    { url = "https://files.pythonhosted.org/packages/e9/36/480206eaefa24a7ec321582dda580443a8f0671fdbf6b1c80e9c3e93a16a/ruff-0.14.10-py3-none-manylinux_2_17_ppc64le.manylinux2014_ppc64le.whl", hash = "sha256:4bb98fcbbc61725968893682fd4df8966a34611239c9fd07a1f6a07e7103d08e", size = 15123172 },
    { url = "https://files.pythonhosted.org/packages/5c/38/68e414156015ba80cef5473d57919d27dfb62ec804b96180bafdeaf0e090/ruff-0.14.10-py3-none-manylinux_2_17_s390x.manylinux2014_s390x.whl", hash = "sha256:f24b47993a9d8cb858429e97bdf8544c78029f09b520af615c1d261bf827001d", size = 14460260 },
    { url = "https://files.pythonhosted.org/packages/b3/19/9e050c0dca8aba824d67cc0db69fb459c28d8cd3f6855b1405b3f29cc91d/ruff-0.14.10-py3-none-manylinux_2_17_x86_64.manylinux2014_x86_64.whl", hash = "sha256:59aabd2e2c4fd614d2862e7939c34a532c04f1084476d6833dddef4afab87e9f", size = 14229978 },
    { url = "https://files.pythonhosted.org/packages/51/eb/e8dd1dd6e05b9e695aa9dd420f4577debdd0f87a5ff2fedda33c09e9be8c/ruff-0.14.10-py3-none-manylinux_2_31_riscv64.whl", hash = "sha256:213db2b2e44be8625002dbea33bb9c60c66ea2c07c084a00d55732689d697a7f", size = 14338036 },
    { url = "https://files.pythonhosted.org/packages/6a/12/f3e3a505db7c19303b70af370d137795fcfec136d670d5de5391e295c134/ruff-0.14.10-py3-none-musllinux_1_2_aarch64.whl", hash = "sha256:b914c40ab64865a17a9a5b67911d14df72346a634527240039eb3bd650e5979d", size = 13264051 },
    { url = "https://files.pythonhosted.org/packages/08/64/8c3a47eaccfef8ac20e0484e68e0772013eb85802f8a9f7603ca751eb166/ruff-0.14.10-py3-none-musllinux_1_2_armv7l.whl", hash = "sha256:1484983559f026788e3a5c07c81ef7d1e97c1c78ed03041a18f75df104c45405", size = 13283998 },
    { url = "https://files.pythonhosted.org/packages/12/84/534a5506f4074e5cc0529e5cd96cfc01bb480e460c7edf5af70d2bcae55e/ruff-0.14.10-py3-none-musllinux_1_2_i686.whl", hash = "sha256:c70427132db492d25f982fffc8d6c7535cc2fd2c83fc8888f05caaa248521e60", size = 13601891 },
    { url = "https://files.pythonhosted.org/packages/0d/1e/14c916087d8598917dbad9b2921d340f7884824ad6e9c55de948a93b106d/ruff-0.14.10-py3-none-musllinux_1_2_x86_64.whl", hash = "sha256:5bcf45b681e9f1ee6445d317ce1fa9d6cba9a6049542d1c3d5b5958986be8830", size = 14336660 },
    { url = "https://files.pythonhosted.org/packages/f2/1c/d7b67ab43f30013b47c12b42d1acd354c195351a3f7a1d67f59e54227ede/ruff-0.14.10-py3-none-win32.whl", hash = "sha256:104c49fc7ab73f3f3a758039adea978869a918f31b73280db175b43a2d9b51d6", size = 13196187 },
    { url = "https://files.pythonhosted.org/packages/fb/9c/896c862e13886fae2af961bef3e6312db9ebc6adc2b156fe95e615dee8c1/ruff-0.14.10-py3-none-win_amd64.whl", hash = "sha256:466297bd73638c6bdf06485683e812db1c00c7ac96d4ddd0294a338c62fdc154", size = 14661283 },
    { url = "https://files.pythonhosted.org/packages/74/31/b0e29d572670dca3674eeee78e418f20bdf97fa8aa9ea71380885e175ca0/ruff-0.14.10-py3-none-win_arm64.whl", hash = "sha256:e51d046cf6dda98a4633b8a8a771451107413b0f07183b2bef03f075599e44e6", size = 13729839 },
]

[[package]]
name = "sqlparse"
version = "0.5.5"
source = { registry = "https://pypi.org/simple" }
sdist = { url = "https://files.pythonhosted.org/packages/90/76/437d71068094df0726366574cf3432a4ed754217b436eb7429415cf2d480/sqlparse-0.5.5.tar.gz", hash = "sha256:e20d4a9b0b8585fdf63b10d30066c7c94c5d7a7ec47c889a2d83a3caa93ff28e", size = 120815 }
wheels = [
    { url = "https://files.pythonhosted.org/packages/49/4b/359f28a903c13438ef59ebeee215fb25da53066db67b305c125f1c6d2a25/sqlparse-0.5.5-py3-none-any.whl", hash = "sha256:12a08b3bf3eec877c519589833aed092e2444e68240a3577e8e26148acc7b1ba", size = 46138 },
]

[[package]]
name = "tzdata"
version = "2025.3"
source = { registry = "https://pypi.org/simple" }
sdist = { url = "https://files.pythonhosted.org/packages/5e/a7/c202b344c5ca7daf398f3b8a477eeb205cf3b6f32e7ec3a6bac0629ca975/tzdata-2025.3.tar.gz", hash = "sha256:de39c2ca5dc7b0344f2eba86f49d614019d29f060fc4ebc8a417896a620b56a7", size = 196772 }
wheels = [
    { url = "https://files.pythonhosted.org/packages/c7/b0/003792df09decd6849a5e39c28b513c06e84436a54440380862b5aeff25d/tzdata-2025.3-py2.py3-none-any.whl", hash = "sha256:06a47e5700f3081aab02b2e513160914ff0694bce9947d6b76ebd6bf57cfc5d1", size = 348521 },
]
